{
  "lockfileVersion": 1,
  "dependencies": {
    "html-entities": {
      "version": "1.2.1",
      "resolved": "https://registry.npmjs.org/html-entities/-/html-entities-1.2.1.tgz",
      "integrity": "sha1-DfKTUfByEWNRXfueVUPl9u7VFi8="
    },
    "m3u8stream": {
      "version": "0.1.2",
      "resolved": "https://registry.npmjs.org/m3u8stream/-/m3u8stream-0.1.2.tgz",
      "integrity": "sha1-3QmBYu7ggO1at3BbPJIyQuJzkjw="
    },
    "miniget": {
      "version": "1.0.0",
      "resolved": "https://registry.npmjs.org/miniget/-/miniget-1.0.0.tgz",
      "integrity": "sha1-AZdDJkszeGxFn4F9+BSCZj30lBo="
    },
    "sax": {
      "version": "1.2.2",
      "resolved": "https://registry.npmjs.org/sax/-/sax-1.2.2.tgz",
      "integrity": "sha1-/YYxojvHgmvvXYcb24c3jJVkeCg="
    },
    "ytdl-core": {
      "version": "0.14.2",
      "resolved": "https://registry.npmjs.org/ytdl-core/-/ytdl-core-0.14.2.tgz",
      "integrity": "sha512-AFm+cA4Sbh7Gx0uOjS1Bpcd1AUpCzgvdKJxliACg8VRl0zcQNlX/5YRWAfDCU9xcd/5FhrBbs2hbYSgLuSelbA=="
    }
  }
}
