# THIS IS AN AUTOGENERATED FILE. DO NOT EDIT THIS FILE DIRECTLY.
# yarn lockfile v1


html-entities@^1.1.3:
  version "1.2.1"
  resolved "https://registry.yarnpkg.com/html-entities/-/html-entities-1.2.1.tgz#0df29351f0721163515dfb9e5543e5f6eed5162f"

m3u8stream@^0.1.1:
  version "0.1.2"
  resolved "https://registry.yarnpkg.com/m3u8stream/-/m3u8stream-0.1.2.tgz#dd098162eee080ed5ab7705b3c923242e273923c"
  dependencies:
    miniget "^1.0.0"

miniget@^1.0.0:
  version "1.0.0"
  resolved "https://registry.yarnpkg.com/miniget/-/miniget-1.0.0.tgz#019743264b33786c459f817df81482663df4941a"

sax@^1.1.3:
  version "1.2.2"
  resolved "https://registry.yarnpkg.com/sax/-/sax-1.2.2.tgz#fd8631a23bc7826bef5d871bdb87378c95647828"

ytdl-core@^0.14.2:
  version "0.14.2"
  resolved "https://registry.yarnpkg.com/ytdl-core/-/ytdl-core-0.14.2.tgz#855c72aa8d3495fd3c349ecd282cdc0df1e19cbf"
  dependencies:
    html-entities "^1.1.3"
    m3u8stream "^0.1.1"
    miniget "^1.0.0"
    sax "^1.1.3"
